
Microsoft Visual Studio Solution File, Format Version 12.00
# Visual Studio Version 17
VisualStudioVersion = 17.9.34728.123
MinimumVisualStudioVersion = 10.0.40219.1
Project("{FAE04EC0-301F-11D3-BF4B-00C04F79EFBC}") = "MeetingProject", "MeetingProject\MeetingProject.csproj", "{5EC74E1F-5D01-422E-AF7D-6D935BEC1052}"
EndProject
Global
	GlobalSection(SolutionConfigurationPlatforms) = preSolution
		Debug|Any CPU = Debug|Any CPU
		Release|Any CPU = Release|Any CPU
	EndGlobalSection
	GlobalSection(ProjectConfigurationPlatforms) = postSolution
		{5EC74E1F-5D01-422E-AF7D-6D935BEC1052}.Debug|Any CPU.ActiveCfg = Debug|Any CPU
		{5EC74E1F-5D01-422E-AF7D-6D935BEC1052}.Debug|Any CPU.Build.0 = Debug|Any CPU
		{5EC74E1F-5D01-422E-AF7D-6D935BEC1052}.Release|Any CPU.ActiveCfg = Release|Any CPU
		{5EC74E1F-5D01-422E-AF7D-6D935BEC1052}.Release|Any CPU.Build.0 = Release|Any CPU
	EndGlobalSection
	GlobalSection(SolutionProperties) = preSolution
		HideSolutionNode = FALSE
	EndGlobalSection
	GlobalSection(ExtensibilityGlobals) = postSolution
		SolutionGuid = {B478B550-E0C2-4109-9E78-79ED61543F1F}
	EndGlobalSection
EndGlobal
